
Microsoft Visual Studio Solution File, Format Version 12.00
# Visual Studio Version 17
VisualStudioVersion = 17.9.34728.123
MinimumVisualStudioVersion = 10.0.40219.1
Project("{9A19103F-16F7-4668-BE54-9A1E7A4F7556}") = "DesktopMinimalAPI.Core", "DesktopMinimalAPI.Core\DesktopMinimalAPI.Core.csproj", "{CAD8996B-0F0D-4B17-A4EB-DC7E5F8A34AA}"
EndProject
Project("{9A19103F-16F7-4668-BE54-9A1E7A4F7556}") = "DesktopMinimalAPI.WPF", "DesktopMinimalAPI.WPF\DesktopMinimalAPI.WPF.csproj", "{F75A7F87-9ECB-44B9-A879-F793727731F4}"
EndProject
Project("{FAE04EC0-301F-11D3-BF4B-00C04F79EFBC}") = "DesktopMinimalAPI.Core.Tests", "DesktopMinimalAPI.Core.Tests\DesktopMinimalAPI.Core.Tests.csproj", "{CDC9104F-6DEF-4762-9410-7B14C082D7EA}"
EndProject
Global
	GlobalSection(SolutionConfigurationPlatforms) = preSolution
		Debug|Any CPU = Debug|Any CPU
		Release|Any CPU = Release|Any CPU
	EndGlobalSection
	GlobalSection(ProjectConfigurationPlatforms) = postSolution
		{CAD8996B-0F0D-4B17-A4EB-DC7E5F8A34AA}.Debug|Any CPU.ActiveCfg = Debug|Any CPU
		{CAD8996B-0F0D-4B17-A4EB-DC7E5F8A34AA}.Debug|Any CPU.Build.0 = Debug|Any CPU
		{CAD8996B-0F0D-4B17-A4EB-DC7E5F8A34AA}.Release|Any CPU.ActiveCfg = Release|Any CPU
		{CAD8996B-0F0D-4B17-A4EB-DC7E5F8A34AA}.Release|Any CPU.Build.0 = Release|Any CPU
		{F75A7F87-9ECB-44B9-A879-F793727731F4}.Debug|Any CPU.ActiveCfg = Debug|Any CPU
		{F75A7F87-9ECB-44B9-A879-F793727731F4}.Debug|Any CPU.Build.0 = Debug|Any CPU
		{F75A7F87-9ECB-44B9-A879-F793727731F4}.Release|Any CPU.ActiveCfg = Release|Any CPU
		{F75A7F87-9ECB-44B9-A879-F793727731F4}.Release|Any CPU.Build.0 = Release|Any CPU
		{CDC9104F-6DEF-4762-9410-7B14C082D7EA}.Debug|Any CPU.ActiveCfg = Debug|Any CPU
		{CDC9104F-6DEF-4762-9410-7B14C082D7EA}.Debug|Any CPU.Build.0 = Debug|Any CPU
		{CDC9104F-6DEF-4762-9410-7B14C082D7EA}.Release|Any CPU.ActiveCfg = Release|Any CPU
		{CDC9104F-6DEF-4762-9410-7B14C082D7EA}.Release|Any CPU.Build.0 = Release|Any CPU
	EndGlobalSection
	GlobalSection(SolutionProperties) = preSolution
		HideSolutionNode = FALSE
	EndGlobalSection
	GlobalSection(ExtensibilityGlobals) = postSolution
		SolutionGuid = {B05FB6DE-4968-4A93-8C4D-8A0C372B9DB7}
	EndGlobalSection
EndGlobal
